
Microsoft Visual Studio Solution File, Format Version 12.00
# Visual Studio 15
VisualStudioVersion = 15.0.28010.2036
MinimumVisualStudioVersion = 10.0.40219.1
Project("{FAE04EC0-301F-11D3-BF4B-00C04F79EFBC}") = "DevBuild.Circle", "DevBuild.Circle\DevBuild.Circle.csproj", "{C33AD463-57EF-4250-91C2-541CB5DF0BEF}"
EndProject
Global
	GlobalSection(SolutionConfigurationPlatforms) = preSolution
		Debug|Any CPU = Debug|Any CPU
		Release|Any CPU = Release|Any CPU
	EndGlobalSection
	GlobalSection(ProjectConfigurationPlatforms) = postSolution
		{C33AD463-57EF-4250-91C2-541CB5DF0BEF}.Debug|Any CPU.ActiveCfg = Debug|Any CPU
		{C33AD463-57EF-4250-91C2-541CB5DF0BEF}.Debug|Any CPU.Build.0 = Debug|Any CPU
		{C33AD463-57EF-4250-91C2-541CB5DF0BEF}.Release|Any CPU.ActiveCfg = Release|Any CPU
		{C33AD463-57EF-4250-91C2-541CB5DF0BEF}.Release|Any CPU.Build.0 = Release|Any CPU
	EndGlobalSection
	GlobalSection(SolutionProperties) = preSolution
		HideSolutionNode = FALSE
	EndGlobalSection
	GlobalSection(ExtensibilityGlobals) = postSolution
		SolutionGuid = {883B791A-3404-4A20-AF17-BD338F9587D4}
	EndGlobalSection
EndGlobal
